
Microsoft Visual Studio Solution File, Format Version 12.00
# Visual Studio Version 16
VisualStudioVersion = 16.0.31229.75
MinimumVisualStudioVersion = 10.0.40219.1
Project("{9A19103F-16F7-4668-BE54-9A1E7A4F7556}") = "WMRControl", "WMRControl.csproj", "{C4D31F90-B3BD-4279-9379-D7132C8E03B9}"
EndProject
Project("{2150E333-8FDC-42A3-9474-1A3956D46DE8}") = "Solution Items", "Solution Items", "{3C001982-C759-4191-9857-1B7D898CE87E}"
EndProject
Global
	GlobalSection(SolutionConfigurationPlatforms) = preSolution
		Debug|Any CPU = Debug|Any CPU
		Release|Any CPU = Release|Any CPU
	EndGlobalSection
	GlobalSection(ProjectConfigurationPlatforms) = postSolution
		{C4D31F90-B3BD-4279-9379-D7132C8E03B9}.Debug|Any CPU.ActiveCfg = Debug|Any CPU
		{C4D31F90-B3BD-4279-9379-D7132C8E03B9}.Debug|Any CPU.Build.0 = Debug|Any CPU
		{C4D31F90-B3BD-4279-9379-D7132C8E03B9}.Release|Any CPU.ActiveCfg = Release|Any CPU
		{C4D31F90-B3BD-4279-9379-D7132C8E03B9}.Release|Any CPU.Build.0 = Release|Any CPU
	EndGlobalSection
	GlobalSection(SolutionProperties) = preSolution
		HideSolutionNode = FALSE
	EndGlobalSection
	GlobalSection(ExtensibilityGlobals) = postSolution
		SolutionGuid = {214C06BE-BCF8-4171-9F98-C41BBD603B8E}
	EndGlobalSection
EndGlobal
